
Microsoft Visual Studio Solution File, Format Version 12.00
# Visual Studio Version 16
VisualStudioVersion = 25.0.1705.2
MinimumVisualStudioVersion = 10.0.40219.1
Project("{FAE04EC0-301F-11D3-BF4B-00C04F79EFBC}") = "SmartParking", "SmartParking\SmartParking.csproj", "{17F32BF4-93A1-4E40-80CB-BB22C0317025}"
EndProject
Global
	GlobalSection(SolutionConfigurationPlatforms) = preSolution
		Debug|Any CPU = Debug|Any CPU
		Release|Any CPU = Release|Any CPU
	EndGlobalSection
	GlobalSection(ProjectConfigurationPlatforms) = postSolution
		{17F32BF4-93A1-4E40-80CB-BB22C0317025}.Debug|Any CPU.ActiveCfg = Debug|Any CPU
		{17F32BF4-93A1-4E40-80CB-BB22C0317025}.Debug|Any CPU.Build.0 = Debug|Any CPU
		{17F32BF4-93A1-4E40-80CB-BB22C0317025}.Release|Any CPU.ActiveCfg = Release|Any CPU
		{17F32BF4-93A1-4E40-80CB-BB22C0317025}.Release|Any CPU.Build.0 = Release|Any CPU
	EndGlobalSection
	GlobalSection(SolutionProperties) = preSolution
		HideSolutionNode = FALSE
	EndGlobalSection
	GlobalSection(ExtensibilityGlobals) = postSolution
		SolutionGuid = {64683F55-C4F6-4E1C-B7B9-B29FBB0884F7}
	EndGlobalSection
EndGlobal
